
Microsoft Visual Studio Solution File, Format Version 12.00
# Visual Studio 14
VisualStudioVersion = 14.0.25420.1
MinimumVisualStudioVersion = 10.0.40219.1
Project("{2150E333-8FDC-42A3-9474-1A3956D46DE8}") = "Solution Items", "Solution Items", "{EA3ABCEA-4B79-4B41-8EC5-3B6356C69DBD}"
	ProjectSection(SolutionItems) = preProject
		.nuget\NuGet.Config = .nuget\NuGet.Config
		.nuget\NuGet.exe = .nuget\NuGet.exe
		.nuget\NuGet.targets = .nuget\NuGet.targets
	EndProjectSection
EndProject
Project("{FAE04EC0-301F-11D3-BF4B-00C04F79EFBC}") = "UWP.Shim.Drawing", "Shim.Drawing\_UWP\UWP.Shim.Drawing.csproj", "{EE78A820-D1D8-488D-A92A-81505ED1F4F7}"
EndProject
Project("{FAE04EC0-301F-11D3-BF4B-00C04F79EFBC}") = "UWP.Accord.Imaging (UWP)", "Accord.Imaging\_UWP\UWP.Accord.Imaging (UWP).csproj", "{FB438291-7F8C-4F4B-8B63-4B4228397207}"
EndProject
Project("{D954291E-2A0B-460D-934E-DC6B0785DB48}") = "Shim.Shared", "Shim\Shim.Shared.shproj", "{DBBC16E3-0538-4B7B-B74B-F7A7BDA73D53}"
EndProject
Project("{FAE04EC0-301F-11D3-BF4B-00C04F79EFBC}") = "UWP.Shim", "Shim\_UWP\UWP.Shim.csproj", "{7305ECB7-7102-4E92-BAB5-A2760C77BE76}"
EndProject
Project("{FAE04EC0-301F-11D3-BF4B-00C04F79EFBC}") = "UWP.Accord.Core", "Accord.Core\_UWP\UWP.Accord.Core.csproj", "{C952B32D-77D3-4571-B3C1-60D8BC078BD4}"
EndProject
Project("{FAE04EC0-301F-11D3-BF4B-00C04F79EFBC}") = "UWP.Accord.Math", "Accord.Math\_UWP\UWP.Accord.Math.csproj", "{6096A2B0-496D-4E53-8F8A-E2D8EE0B97BE}"
EndProject
Global
	GlobalSection(SharedMSBuildProjectFiles) = preSolution
		Shim\Shim.Shared.projitems*{7305ecb7-7102-4e92-bab5-a2760c77be76}*SharedItemsImports = 4
		Shim\Shim.Shared.projitems*{dbbc16e3-0538-4b7b-b74b-f7a7bda73d53}*SharedItemsImports = 13
	EndGlobalSection
	GlobalSection(SolutionConfigurationPlatforms) = preSolution
		Debug|Any CPU = Debug|Any CPU
		Debug|ARM = Debug|ARM
		Debug|x64 = Debug|x64
		Debug|x86 = Debug|x86
		Release|Any CPU = Release|Any CPU
		Release|ARM = Release|ARM
		Release|x64 = Release|x64
		Release|x86 = Release|x86
	EndGlobalSection
	GlobalSection(ProjectConfigurationPlatforms) = postSolution
		{EE78A820-D1D8-488D-A92A-81505ED1F4F7}.Debug|Any CPU.ActiveCfg = Debug|Any CPU
		{EE78A820-D1D8-488D-A92A-81505ED1F4F7}.Debug|Any CPU.Build.0 = Debug|Any CPU
		{EE78A820-D1D8-488D-A92A-81505ED1F4F7}.Debug|ARM.ActiveCfg = Debug|Any CPU
		{EE78A820-D1D8-488D-A92A-81505ED1F4F7}.Debug|ARM.Build.0 = Debug|Any CPU
		{EE78A820-D1D8-488D-A92A-81505ED1F4F7}.Debug|x64.ActiveCfg = Debug|Any CPU
		{EE78A820-D1D8-488D-A92A-81505ED1F4F7}.Debug|x64.Build.0 = Debug|Any CPU
		{EE78A820-D1D8-488D-A92A-81505ED1F4F7}.Debug|x86.ActiveCfg = Debug|Any CPU
		{EE78A820-D1D8-488D-A92A-81505ED1F4F7}.Debug|x86.Build.0 = Debug|Any CPU
		{EE78A820-D1D8-488D-A92A-81505ED1F4F7}.Release|Any CPU.ActiveCfg = Release|Any CPU
		{EE78A820-D1D8-488D-A92A-81505ED1F4F7}.Release|Any CPU.Build.0 = Release|Any CPU
		{EE78A820-D1D8-488D-A92A-81505ED1F4F7}.Release|ARM.ActiveCfg = Release|Any CPU
		{EE78A820-D1D8-488D-A92A-81505ED1F4F7}.Release|ARM.Build.0 = Release|Any CPU
		{EE78A820-D1D8-488D-A92A-81505ED1F4F7}.Release|x64.ActiveCfg = Release|Any CPU
		{EE78A820-D1D8-488D-A92A-81505ED1F4F7}.Release|x64.Build.0 = Release|Any CPU
		{EE78A820-D1D8-488D-A92A-81505ED1F4F7}.Release|x86.ActiveCfg = Release|Any CPU
		{EE78A820-D1D8-488D-A92A-81505ED1F4F7}.Release|x86.Build.0 = Release|Any CPU
		{FB438291-7F8C-4F4B-8B63-4B4228397207}.Debug|Any CPU.ActiveCfg = Debug|Any CPU
		{FB438291-7F8C-4F4B-8B63-4B4228397207}.Debug|Any CPU.Build.0 = Debug|Any CPU
		{FB438291-7F8C-4F4B-8B63-4B4228397207}.Debug|ARM.ActiveCfg = Debug|Any CPU
		{FB438291-7F8C-4F4B-8B63-4B4228397207}.Debug|ARM.Build.0 = Debug|Any CPU
		{FB438291-7F8C-4F4B-8B63-4B4228397207}.Debug|x64.ActiveCfg = Debug|Any CPU
		{FB438291-7F8C-4F4B-8B63-4B4228397207}.Debug|x64.Build.0 = Debug|Any CPU
		{FB438291-7F8C-4F4B-8B63-4B4228397207}.Debug|x86.ActiveCfg = Debug|Any CPU
		{FB438291-7F8C-4F4B-8B63-4B4228397207}.Debug|x86.Build.0 = Debug|Any CPU
		{FB438291-7F8C-4F4B-8B63-4B4228397207}.Release|Any CPU.ActiveCfg = Release|Any CPU
		{FB438291-7F8C-4F4B-8B63-4B4228397207}.Release|Any CPU.Build.0 = Release|Any CPU
		{FB438291-7F8C-4F4B-8B63-4B4228397207}.Release|ARM.ActiveCfg = Release|Any CPU
		{FB438291-7F8C-4F4B-8B63-4B4228397207}.Release|ARM.Build.0 = Release|Any CPU
		{FB438291-7F8C-4F4B-8B63-4B4228397207}.Release|x64.ActiveCfg = Release|Any CPU
		{FB438291-7F8C-4F4B-8B63-4B4228397207}.Release|x64.Build.0 = Release|Any CPU
		{FB438291-7F8C-4F4B-8B63-4B4228397207}.Release|x86.ActiveCfg = Release|Any CPU
		{FB438291-7F8C-4F4B-8B63-4B4228397207}.Release|x86.Build.0 = Release|Any CPU
		{7305ECB7-7102-4E92-BAB5-A2760C77BE76}.Debug|Any CPU.ActiveCfg = Debug|Any CPU
		{7305ECB7-7102-4E92-BAB5-A2760C77BE76}.Debug|Any CPU.Build.0 = Debug|Any CPU
		{7305ECB7-7102-4E92-BAB5-A2760C77BE76}.Debug|ARM.ActiveCfg = Debug|Any CPU
		{7305ECB7-7102-4E92-BAB5-A2760C77BE76}.Debug|ARM.Build.0 = Debug|Any CPU
		{7305ECB7-7102-4E92-BAB5-A2760C77BE76}.Debug|x64.ActiveCfg = Debug|Any CPU
		{7305ECB7-7102-4E92-BAB5-A2760C77BE76}.Debug|x64.Build.0 = Debug|Any CPU
		{7305ECB7-7102-4E92-BAB5-A2760C77BE76}.Debug|x86.ActiveCfg = Debug|Any CPU
		{7305ECB7-7102-4E92-BAB5-A2760C77BE76}.Debug|x86.Build.0 = Debug|Any CPU
		{7305ECB7-7102-4E92-BAB5-A2760C77BE76}.Release|Any CPU.ActiveCfg = Release|Any CPU
		{7305ECB7-7102-4E92-BAB5-A2760C77BE76}.Release|Any CPU.Build.0 = Release|Any CPU
		{7305ECB7-7102-4E92-BAB5-A2760C77BE76}.Release|ARM.ActiveCfg = Release|Any CPU
		{7305ECB7-7102-4E92-BAB5-A2760C77BE76}.Release|ARM.Build.0 = Release|Any CPU
		{7305ECB7-7102-4E92-BAB5-A2760C77BE76}.Release|x64.ActiveCfg = Release|Any CPU
		{7305ECB7-7102-4E92-BAB5-A2760C77BE76}.Release|x64.Build.0 = Release|Any CPU
		{7305ECB7-7102-4E92-BAB5-A2760C77BE76}.Release|x86.ActiveCfg = Release|Any CPU
		{7305ECB7-7102-4E92-BAB5-A2760C77BE76}.Release|x86.Build.0 = Release|Any CPU
		{C952B32D-77D3-4571-B3C1-60D8BC078BD4}.Debug|Any CPU.ActiveCfg = Debug|Any CPU
		{C952B32D-77D3-4571-B3C1-60D8BC078BD4}.Debug|Any CPU.Build.0 = Debug|Any CPU
		{C952B32D-77D3-4571-B3C1-60D8BC078BD4}.Debug|ARM.ActiveCfg = Debug|Any CPU
		{C952B32D-77D3-4571-B3C1-60D8BC078BD4}.Debug|ARM.Build.0 = Debug|Any CPU
		{C952B32D-77D3-4571-B3C1-60D8BC078BD4}.Debug|x64.ActiveCfg = Debug|Any CPU
		{C952B32D-77D3-4571-B3C1-60D8BC078BD4}.Debug|x64.Build.0 = Debug|Any CPU
		{C952B32D-77D3-4571-B3C1-60D8BC078BD4}.Debug|x86.ActiveCfg = Debug|Any CPU
		{C952B32D-77D3-4571-B3C1-60D8BC078BD4}.Debug|x86.Build.0 = Debug|Any CPU
		{C952B32D-77D3-4571-B3C1-60D8BC078BD4}.Release|Any CPU.ActiveCfg = Release|Any CPU
		{C952B32D-77D3-4571-B3C1-60D8BC078BD4}.Release|Any CPU.Build.0 = Release|Any CPU
		{C952B32D-77D3-4571-B3C1-60D8BC078BD4}.Release|ARM.ActiveCfg = Release|Any CPU
		{C952B32D-77D3-4571-B3C1-60D8BC078BD4}.Release|ARM.Build.0 = Release|Any CPU
		{C952B32D-77D3-4571-B3C1-60D8BC078BD4}.Release|x64.ActiveCfg = Release|Any CPU
		{C952B32D-77D3-4571-B3C1-60D8BC078BD4}.Release|x64.Build.0 = Release|Any CPU
		{C952B32D-77D3-4571-B3C1-60D8BC078BD4}.Release|x86.ActiveCfg = Release|Any CPU
		{C952B32D-77D3-4571-B3C1-60D8BC078BD4}.Release|x86.Build.0 = Release|Any CPU
		{6096A2B0-496D-4E53-8F8A-E2D8EE0B97BE}.Debug|Any CPU.ActiveCfg = Debug|Any CPU
		{6096A2B0-496D-4E53-8F8A-E2D8EE0B97BE}.Debug|Any CPU.Build.0 = Debug|Any CPU
		{6096A2B0-496D-4E53-8F8A-E2D8EE0B97BE}.Debug|ARM.ActiveCfg = Debug|Any CPU
		{6096A2B0-496D-4E53-8F8A-E2D8EE0B97BE}.Debug|ARM.Build.0 = Debug|Any CPU
		{6096A2B0-496D-4E53-8F8A-E2D8EE0B97BE}.Debug|x64.ActiveCfg = Debug|Any CPU
		{6096A2B0-496D-4E53-8F8A-E2D8EE0B97BE}.Debug|x64.Build.0 = Debug|Any CPU
		{6096A2B0-496D-4E53-8F8A-E2D8EE0B97BE}.Debug|x86.ActiveCfg = Debug|Any CPU
		{6096A2B0-496D-4E53-8F8A-E2D8EE0B97BE}.Debug|x86.Build.0 = Debug|Any CPU
		{6096A2B0-496D-4E53-8F8A-E2D8EE0B97BE}.Release|Any CPU.ActiveCfg = Release|Any CPU
		{6096A2B0-496D-4E53-8F8A-E2D8EE0B97BE}.Release|Any CPU.Build.0 = Release|Any CPU
		{6096A2B0-496D-4E53-8F8A-E2D8EE0B97BE}.Release|ARM.ActiveCfg = Release|Any CPU
		{6096A2B0-496D-4E53-8F8A-E2D8EE0B97BE}.Release|ARM.Build.0 = Release|Any CPU
		{6096A2B0-496D-4E53-8F8A-E2D8EE0B97BE}.Release|x64.ActiveCfg = Release|Any CPU
		{6096A2B0-496D-4E53-8F8A-E2D8EE0B97BE}.Release|x64.Build.0 = Release|Any CPU
		{6096A2B0-496D-4E53-8F8A-E2D8EE0B97BE}.Release|x86.ActiveCfg = Release|Any CPU
		{6096A2B0-496D-4E53-8F8A-E2D8EE0B97BE}.Release|x86.Build.0 = Release|Any CPU
	EndGlobalSection
	GlobalSection(SolutionProperties) = preSolution
		HideSolutionNode = FALSE
	EndGlobalSection
EndGlobal
